{
  "version": 1,
  "dependencies": {
    "net7.0-windows8.0": {
      "DalamudPackager": {
        "type": "Direct",
        "requested": "[2.1.12, )",
        "resolved": "2.1.12",
        "contentHash": "Sc0PVxvgg4NQjcI8n10/VfUQBAS4O+Fw2pZrAqBdRMbthYGeogzu5+xmIGCGmsEZ/ukMOBuAqiNiB5qA3MRalg=="
      },
      "FFXIVPacketCapture": {
        "type": "Direct",
        "requested": "[1.1.0, )",
        "resolved": "1.1.0",
        "contentHash": "ZbbPw0Sx9MTTs2qRRF8kzE1VgRXpDHdDdsaNT6F5LlwIpa94+cpiAB9IwhEL+aJutttlDAewpFQCgqJ6c7kiVg==",
        "dependencies": {
          "PacketDotNet": "1.1.2",
          "SharpPcap": "5.3.0"
        }
      },
      "Google.Apis.Sheets.v4": {
        "type": "Direct",
        "requested": "[1.67.0.3148, )",
        "resolved": "1.67.0.3148",
        "contentHash": "lQxjefFr2lWyFsaWRAL7CgZCNQrIEAMyudwQFkPBPJlGHTDJh+E5bQwYIA32ECIiVwZPktMibFJ0lAvt8WuElg==",
        "dependencies": {
          "Google.Apis": "1.67.0",
          "Google.Apis.Auth": "1.67.0"
        }
      },
      "Google.Apis": {
        "type": "Transitive",
        "resolved": "1.67.0",
        "contentHash": "XM8/fViJaB1pN61OdXy5RMZoQEqd3hKlWvA/K431gFSb5XtQ48BynfgrbBkUtFcPbSRa4BdjBHzSbkBh/skyMg==",
        "dependencies": {
          "Google.Apis.Core": "1.67.0"
        }
      },
      "Google.Apis.Auth": {
        "type": "Transitive",
        "resolved": "1.67.0",
        "contentHash": "Bs9BlbZ12Y4NXzMONjpzQhZr9VbwLUTGMHkcQRF36aYnk2fYrmj5HNVNh7PPHDDq1fcEQpCtPic2nSlpYQLKXw==",
        "dependencies": {
          "Google.Apis": "1.67.0",
          "Google.Apis.Core": "1.67.0",
          "System.Management": "7.0.2"
        }
      },
      "Google.Apis.Core": {
        "type": "Transitive",
        "resolved": "1.67.0",
        "contentHash": "IPq0I3B01NYZraPoMl8muELFLg4Vr2sbfyZp4PR2Xe3MAhHkZCiKyV28Yh1L14zIKUb0X0snol1sR5/mx4S6Iw==",
        "dependencies": {
          "Newtonsoft.Json": "13.0.3"
        }
      },
      "Newtonsoft.Json": {
        "type": "Transitive",
        "resolved": "13.0.3",
        "contentHash": "HrC5BXdl00IP9zeV+0Z848QWPAoCr9P3bDEZguI+gkLcBKAOxix/tLEAAHC+UvDNPv4a2d18lOReHMOagPa+zQ=="
      },
      "PacketDotNet": {
        "type": "Transitive",
        "resolved": "1.1.2",
        "contentHash": "UNyq8BHUZA17++FAfPswZqV5y55hW6wWThuR9JRkz6swRAbCLltaHoH0nmBG51qoQzbAcDc92cafLJMGkt5dFg==",
        "dependencies": {
          "System.Runtime.CompilerServices.Unsafe": "4.7.0"
        }
      },
      "SharpPcap": {
        "type": "Transitive",
        "resolved": "5.3.0",
        "contentHash": "SEXdABJnNYmtiDYdFMf+I+bUOFjI3HkSmGFn3iKyC9CPlXqmkS7LR0/TzsbhzZ7IwL8b5kQMwpxSy4RZaMz8uw==",
        "dependencies": {
          "PacketDotNet": "1.1.1",
          "System.Memory": "4.5.4"
        }
      },
      "System.CodeDom": {
        "type": "Transitive",
        "resolved": "7.0.0",
        "contentHash": "GLltyqEsE5/3IE+zYRP5sNa1l44qKl9v+bfdMcwg+M9qnQf47wK3H0SUR/T+3N4JEQXF3vV4CSuuo0rsg+nq2A=="
      },
      "System.Management": {
        "type": "Transitive",
        "resolved": "7.0.2",
        "contentHash": "/qEUN91mP/MUQmJnM5y5BdT7ZoPuVrtxnFlbJ8a3kBJGhe2wCzBfnPFtK2wTtEEcf3DMGR9J00GZZfg6HRI6yA==",
        "dependencies": {
          "System.CodeDom": "7.0.0"
        }
      },
      "System.Memory": {
        "type": "Transitive",
        "resolved": "4.5.4",
        "contentHash": "1MbJTHS1lZ4bS4FmsJjnuGJOu88ZzTT2rLvrhW7Ygic+pC0NWA+3hgAen0HRdsocuQXCkUTdFn9yHJJhsijDXw=="
      },
      "System.Runtime.CompilerServices.Unsafe": {
        "type": "Transitive",
        "resolved": "4.7.0",
        "contentHash": "IpU1lcHz8/09yDr9N+Juc7SCgNUz+RohkCQI+KsWKR67XxpFr8Z6c8t1iENCXZuRuNCc4HBwme/MDHNVCwyAKg=="
      }
    }
  }
}